Microsoft Visual Studio Solution File, Format Version 12.00
# Visual Studio Version 17
VisualStudioVersion = 17.5.2.0
MinimumVisualStudioVersion = 10.0.40219.1
Project("{FAE04EC0-301F-11D3-BF4B-00C04F79EFBC}") = "FootCourtBooking.Api", "FootCourtBooking.Api\FootCourtBooking.Api.csproj", "{FDC063F2-1FEC-2729-AB85-6F1AB389FB0C}"
EndProject
Project("{FAE04EC0-301F-11D3-BF4B-00C04F79EFBC}") = "FootCourtBooking.Application", "FootCourtBooking.Application\FootCourtBooking.Application.csproj", "{57829E22-5F6A-A3CD-116F-75F4404210B4}"
EndProject
Project("{FAE04EC0-301F-11D3-BF4B-00C04F79EFBC}") = "FootCourtBooking.Domain", "FootCourtBooking.Domain\FootCourtBooking.Domain.csproj", "{4F268DF0-29B1-4B83-E72A-3EAF386FF545}"
EndProject
Project("{FAE04EC0-301F-11D3-BF4B-00C04F79EFBC}") = "FootCourtBooking.Infrastructure", "FootCourtBooking.Infrastructure\FootCourtBooking.Infrastructure.csproj", "{4AA674A0-F1B0-76E0-262D-11E39ADBA092}"
EndProject
Global
	GlobalSection(SolutionConfigurationPlatforms) = preSolution
		Debug|Any CPU = Debug|Any CPU
		Release|Any CPU = Release|Any CPU
	EndGlobalSection
	GlobalSection(ProjectConfigurationPlatforms) = postSolution
		{FDC063F2-1FEC-2729-AB85-6F1AB389FB0C}.Debug|Any CPU.ActiveCfg = Debug|Any CPU
		{FDC063F2-1FEC-2729-AB85-6F1AB389FB0C}.Debug|Any CPU.Build.0 = Debug|Any CPU
		{FDC063F2-1FEC-2729-AB85-6F1AB389FB0C}.Release|Any CPU.ActiveCfg = Release|Any CPU
		{FDC063F2-1FEC-2729-AB85-6F1AB389FB0C}.Release|Any CPU.Build.0 = Release|Any CPU
		{57829E22-5F6A-A3CD-116F-75F4404210B4}.Debug|Any CPU.ActiveCfg = Debug|Any CPU
		{57829E22-5F6A-A3CD-116F-75F4404210B4}.Debug|Any CPU.Build.0 = Debug|Any CPU
		{57829E22-5F6A-A3CD-116F-75F4404210B4}.Release|Any CPU.ActiveCfg = Release|Any CPU
		{57829E22-5F6A-A3CD-116F-75F4404210B4}.Release|Any CPU.Build.0 = Release|Any CPU
		{4F268DF0-29B1-4B83-E72A-3EAF386FF545}.Debug|Any CPU.ActiveCfg = Debug|Any CPU
		{4F268DF0-29B1-4B83-E72A-3EAF386FF545}.Debug|Any CPU.Build.0 = Debug|Any CPU
		{4F268DF0-29B1-4B83-E72A-3EAF386FF545}.Release|Any CPU.ActiveCfg = Release|Any CPU
		{4F268DF0-29B1-4B83-E72A-3EAF386FF545}.Release|Any CPU.Build.0 = Release|Any CPU
		{4AA674A0-F1B0-76E0-262D-11E39ADBA092}.Debug|Any CPU.ActiveCfg = Debug|Any CPU
		{4AA674A0-F1B0-76E0-262D-11E39ADBA092}.Debug|Any CPU.Build.0 = Debug|Any CPU
		{4AA674A0-F1B0-76E0-262D-11E39ADBA092}.Release|Any CPU.ActiveCfg = Release|Any CPU
		{4AA674A0-F1B0-76E0-262D-11E39ADBA092}.Release|Any CPU.Build.0 = Release|Any CPU
	EndGlobalSection
	GlobalSection(SolutionProperties) = preSolution
		HideSolutionNode = FALSE
	EndGlobalSection
	GlobalSection(ExtensibilityGlobals) = postSolution
		SolutionGuid = {036701EF-2847-4AE2-B499-24E1BEAC841D}
	EndGlobalSection
EndGlobal
